// !$*UTF8*$!
{
	archiveVersion = 1;
	classes = {
	};
	objectVersion = 46;
	objects = {

/* Begin PBXBuildFile section */
		297967971A683CE900B7408B /* BRJSON.h in Headers */ = {isa = PBXBuildFile; fileRef = 297967851A683CE900B7408B /* BRJSON.h */; settings = {ATTRIBUTES = (Public, ); }; };
		297967981A683CE900B7408B /* BRJSON.m in Sources */ = {isa = PBXBuildFile; fileRef = 297967861A683CE900B7408B /* BRJSON.m */; };
		29E2E3731A683B7D0048D0AB /* BlueRocketFuelCore.h in Headers */ = {isa = PBXBuildFile; fileRef = 29E2E3721A683B7D0048D0AB /* BlueRocketFuelCore.h */; settings = {ATTRIBUTES = (Public, ); }; };
		29E2E3791A683B7D0048D0AB /* BlueRocketFuelCore.framework in Frameworks */ = {isa = PBXBuildFile; fileRef = 29E2E36D1A683B7D0048D0AB /* BlueRocketFuelCore.framework */; };
		29E2E3801A683B7D0048D0AB /* BlueRocketFuelCoreTests.m in Sources */ = {isa = PBXBuildFile; fileRef = 29E2E37F1A683B7D0048D0AB /* BlueRocketFuelCoreTests.m */; };
		912CD96D928E33B7C31F0C96 /* libPods-BlueRocketFuelCore.a in Frameworks */ = {isa = PBXBuildFile; fileRef = 107959C8D8AC4224453FD59D /* libPods-BlueRocketFuelCore.a */; };
		C90510561B7C31C800031482 /* BRFCRestKitDataMapping.h in Headers */ = {isa = PBXBuildFile; fileRef = C90510421B7C31C800031482 /* BRFCRestKitDataMapping.h */; };
		C90510571B7C31C800031482 /* BRFCRestKitDataMapping.m in Sources */ = {isa = PBXBuildFile; fileRef = C90510431B7C31C800031482 /* BRFCRestKitDataMapping.m */; };
		C90510581B7C31C800031482 /* RestKitWebApiDataMapper.h in Headers */ = {isa = PBXBuildFile; fileRef = C90510441B7C31C800031482 /* RestKitWebApiDataMapper.h */; };
		C90510591B7C31C800031482 /* RestKitWebApiDataMapper.m in Sources */ = {isa = PBXBuildFile; fileRef = C90510451B7C31C800031482 /* RestKitWebApiDataMapper.m */; };
		C905105B1B7C31C800031482 /* NSDictionary+WebApiClient.h in Headers */ = {isa = PBXBuildFile; fileRef = C90510481B7C31C800031482 /* NSDictionary+WebApiClient.h */; };
		C905105C1B7C31C800031482 /* NSDictionary+WebApiClient.m in Sources */ = {isa = PBXBuildFile; fileRef = C90510491B7C31C800031482 /* NSDictionary+WebApiClient.m */; };
		C905105D1B7C31C800031482 /* WebApiClient.h in Headers */ = {isa = PBXBuildFile; fileRef = C905104A1B7C31C800031482 /* WebApiClient.h */; };
		C905105E1B7C31C800031482 /* WebApiClient.m in Sources */ = {isa = PBXBuildFile; fileRef = C905104B1B7C31C800031482 /* WebApiClient.m */; };
		C905105F1B7C31C800031482 /* WebApiClientSupport.h in Headers */ = {isa = PBXBuildFile; fileRef = C905104C1B7C31C800031482 /* WebApiClientSupport.h */; };
		C90510601B7C31C800031482 /* WebApiClientSupport.m in Sources */ = {isa = PBXBuildFile; fileRef = C905104D1B7C31C800031482 /* WebApiClientSupport.m */; };
		C90510611B7C31C800031482 /* WebApiDataMapper.h in Headers */ = {isa = PBXBuildFile; fileRef = C905104E1B7C31C800031482 /* WebApiDataMapper.h */; };
		C90510621B7C31C800031482 /* WebApiRoute.h in Headers */ = {isa = PBXBuildFile; fileRef = C905104F1B7C31C800031482 /* WebApiRoute.h */; };
		C90510631B7C31C800031482 /* AFNetworkingWebApiClient.h in Headers */ = {isa = PBXBuildFile; fileRef = C90510511B7C31C800031482 /* AFNetworkingWebApiClient.h */; };
		C90510641B7C31C800031482 /* AFNetworkingWebApiClient.m in Sources */ = {isa = PBXBuildFile; fileRef = C90510521B7C31C800031482 /* AFNetworkingWebApiClient.m */; };
		C90510651B7C31C800031482 /* WebApiClient-AFNetworking.h in Headers */ = {isa = PBXBuildFile; fileRef = C90510531B7C31C800031482 /* WebApiClient-AFNetworking.h */; };
		C90510661B7C31C800031482 /* WebApiClient-RestKit.h in Headers */ = {isa = PBXBuildFile; fileRef = C90510541B7C31C800031482 /* WebApiClient-RestKit.h */; };
		C90510671B7C31C800031482 /* WebApiClient-Core.h in Headers */ = {isa = PBXBuildFile; fileRef = C90510551B7C31C800031482 /* WebApiClient-Core.h */; };
		C921E9D61B813B0B001C04FA /* WebApiResponse.h in Headers */ = {isa = PBXBuildFile; fileRef = C921E9D51B813B0B001C04FA /* WebApiResponse.h */; };
		C921E9DB1B814A07001C04FA /* WebApiClientActivitySupport.h in Headers */ = {isa = PBXBuildFile; fileRef = C921E9D81B814A07001C04FA /* WebApiClientActivitySupport.h */; };
		C921E9DC1B814A07001C04FA /* WebApiClientActivitySupport.m in Sources */ = {isa = PBXBuildFile; fileRef = C921E9D91B814A07001C04FA /* WebApiClientActivitySupport.m */; };
		C921E9DD1B814A07001C04FA /* WebApiClient-UI.h in Headers */ = {isa = PBXBuildFile; fileRef = C921E9DA1B814A07001C04FA /* WebApiClient-UI.h */; };
		C921E9E01B8185E1001C04FA /* NSObject+BRLocalizableUI.h in Headers */ = {isa = PBXBuildFile; fileRef = C921E9DE1B8185E1001C04FA /* NSObject+BRLocalizableUI.h */; };
		C921E9E11B8185E1001C04FA /* NSObject+BRLocalizableUI.m in Sources */ = {isa = PBXBuildFile; fileRef = C921E9DF1B8185E1001C04FA /* NSObject+BRLocalizableUI.m */; };
		C95775F91B7DBEE100D91C3D /* WebApiRotue.m in Sources */ = {isa = PBXBuildFile; fileRef = C95775F81B7DBEE100D91C3D /* WebApiRotue.m */; };
		C95B2B0E1B7D58320050ABBE /* Logging.h in Headers */ = {isa = PBXBuildFile; fileRef = C95B2AB91B7D58310050ABBE /* Logging.h */; };
		C95B2B0F1B7D58320050ABBE /* BRLogging.h in Headers */ = {isa = PBXBuildFile; fileRef = C95B2ABB1B7D58310050ABBE /* BRLogging.h */; };
		C95B2B101B7D58320050ABBE /* BRLogging.m in Sources */ = {isa = PBXBuildFile; fileRef = C95B2ABC1B7D58310050ABBE /* BRLogging.m */; };
		C95B2B421B7D58320050ABBE /* UI.h in Headers */ = {isa = PBXBuildFile; fileRef = C95B2AF81B7D58310050ABBE /* UI.h */; };
		C95B2B431B7D58320050ABBE /* WebRequest.h in Headers */ = {isa = PBXBuildFile; fileRef = C95B2AF91B7D58310050ABBE /* WebRequest.h */; };
		C95B2B441B7D58320050ABBE /* Core.h in Headers */ = {isa = PBXBuildFile; fileRef = C95B2AFA1B7D58310050ABBE /* Core.h */; };
		C95B2B451B7D58320050ABBE /* BRAppConfigEnvironmentProvider.h in Headers */ = {isa = PBXBuildFile; fileRef = C95B2AFC1B7D58310050ABBE /* BRAppConfigEnvironmentProvider.h */; };
		C95B2B461B7D58320050ABBE /* BRAppConfigEnvironmentProvider.m in Sources */ = {isa = PBXBuildFile; fileRef = C95B2AFD1B7D58310050ABBE /* BRAppConfigEnvironmentProvider.m */; };
		C95B2B471B7D58320050ABBE /* BRAppUser.h in Headers */ = {isa = PBXBuildFile; fileRef = C95B2AFE1B7D58310050ABBE /* BRAppUser.h */; };
		C95B2B481B7D58320050ABBE /* BRAppUser.m in Sources */ = {isa = PBXBuildFile; fileRef = C95B2AFF1B7D58320050ABBE /* BRAppUser.m */; };
		C95B2B491B7D58320050ABBE /* BRKeychainService.h in Headers */ = {isa = PBXBuildFile; fileRef = C95B2B001B7D58320050ABBE /* BRKeychainService.h */; };
		C95B2B4A1B7D58320050ABBE /* BRKeychainService.m in Sources */ = {isa = PBXBuildFile; fileRef = C95B2B011B7D58320050ABBE /* BRKeychainService.m */; };
		C95B2B4B1B7D58320050ABBE /* BRLocalizable.h in Headers */ = {isa = PBXBuildFile; fileRef = C95B2B021B7D58320050ABBE /* BRLocalizable.h */; };
		C95B2B4C1B7D58320050ABBE /* BRSimpleKeychainService.h in Headers */ = {isa = PBXBuildFile; fileRef = C95B2B031B7D58320050ABBE /* BRSimpleKeychainService.h */; };
		C95B2B4D1B7D58320050ABBE /* BRSimpleKeychainService.m in Sources */ = {isa = PBXBuildFile; fileRef = C95B2B041B7D58320050ABBE /* BRSimpleKeychainService.m */; };
		C95B2B4E1B7D58320050ABBE /* BRUser.h in Headers */ = {isa = PBXBuildFile; fileRef = C95B2B051B7D58320050ABBE /* BRUser.h */; };
		C95B2B4F1B7D58320050ABBE /* NSBundle+BR.h in Headers */ = {isa = PBXBuildFile; fileRef = C95B2B061B7D58320050ABBE /* NSBundle+BR.h */; };
		C95B2B501B7D58320050ABBE /* NSBundle+BR.m in Sources */ = {isa = PBXBuildFile; fileRef = C95B2B071B7D58320050ABBE /* NSBundle+BR.m */; };
		C95B2B511B7D58320050ABBE /* NSDate+BR.h in Headers */ = {isa = PBXBuildFile; fileRef = C95B2B081B7D58320050ABBE /* NSDate+BR.h */; };
		C95B2B521B7D58320050ABBE /* NSDate+BR.m in Sources */ = {isa = PBXBuildFile; fileRef = C95B2B091B7D58320050ABBE /* NSDate+BR.m */; };
		C95B2B531B7D58320050ABBE /* NSDictionary+BR.h in Headers */ = {isa = PBXBuildFile; fileRef = C95B2B0A1B7D58320050ABBE /* NSDictionary+BR.h */; };
		C95B2B541B7D58320050ABBE /* NSDictionary+BR.m in Sources */ = {isa = PBXBuildFile; fileRef = C95B2B0B1B7D58320050ABBE /* NSDictionary+BR.m */; };
		C95B2B551B7D58320050ABBE /* NSString+BR.h in Headers */ = {isa = PBXBuildFile; fileRef = C95B2B0C1B7D58320050ABBE /* NSString+BR.h */; };
		C95B2B561B7D58320050ABBE /* NSString+BR.m in Sources */ = {isa = PBXBuildFile; fileRef = C95B2B0D1B7D58320050ABBE /* NSString+BR.m */; };
		C95B2B9E1B7D596A0050ABBE /* BRFullScreenNotificationView.h in Headers */ = {isa = PBXBuildFile; fileRef = C95B2B6D1B7D596A0050ABBE /* BRFullScreenNotificationView.h */; };
		C95B2B9F1B7D596A0050ABBE /* BRFullScreenNotificationView.m in Sources */ = {isa = PBXBuildFile; fileRef = C95B2B6E1B7D596A0050ABBE /* BRFullScreenNotificationView.m */; };
		C95B2BA01B7D596A0050ABBE /* BRFullScreeNotificationViewDelegate.h in Headers */ = {isa = PBXBuildFile; fileRef = C95B2B6F1B7D596A0050ABBE /* BRFullScreeNotificationViewDelegate.h */; };
		C95B2BA11B7D596A0050ABBE /* BROptionsTray.h in Headers */ = {isa = PBXBuildFile; fileRef = C95B2B701B7D596A0050ABBE /* BROptionsTray.h */; };
		C95B2BA21B7D596A0050ABBE /* BROptionsTray.m in Sources */ = {isa = PBXBuildFile; fileRef = C95B2B711B7D596A0050ABBE /* BROptionsTray.m */; };
		C95B2BA31B7D596A0050ABBE /* PushNoAnimationSegue.h in Headers */ = {isa = PBXBuildFile; fileRef = C95B2B721B7D596A0050ABBE /* PushNoAnimationSegue.h */; };
		C95B2BA41B7D596A0050ABBE /* PushNoAnimationSegue.m in Sources */ = {isa = PBXBuildFile; fileRef = C95B2B731B7D596A0050ABBE /* PushNoAnimationSegue.m */; };
		C95B2BA51B7D596A0050ABBE /* ReplaceNoAnimationSegue.h in Headers */ = {isa = PBXBuildFile; fileRef = C95B2B741B7D596A0050ABBE /* ReplaceNoAnimationSegue.h */; };
		C95B2BA61B7D596A0050ABBE /* ReplaceNoAnimationSegue.m in Sources */ = {isa = PBXBuildFile; fileRef = C95B2B751B7D596A0050ABBE /* ReplaceNoAnimationSegue.m */; };
		C95B2BA71B7D596A0050ABBE /* UIBarButtonItem+BR.h in Headers */ = {isa = PBXBuildFile; fileRef = C95B2B761B7D596A0050ABBE /* UIBarButtonItem+BR.h */; };
		C95B2BA81B7D596A0050ABBE /* UIBarButtonItem+BR.m in Sources */ = {isa = PBXBuildFile; fileRef = C95B2B771B7D596A0050ABBE /* UIBarButtonItem+BR.m */; };
		C95B2BA91B7D596A0050ABBE /* UIButton+BR.h in Headers */ = {isa = PBXBuildFile; fileRef = C95B2B781B7D596A0050ABBE /* UIButton+BR.h */; };
		C95B2BAA1B7D596A0050ABBE /* UIButton+BR.m in Sources */ = {isa = PBXBuildFile; fileRef = C95B2B791B7D596A0050ABBE /* UIButton+BR.m */; };
		C95B2BAB1B7D596A0050ABBE /* UIFont+BR.h in Headers */ = {isa = PBXBuildFile; fileRef = C95B2B7A1B7D596A0050ABBE /* UIFont+BR.h */; };
		C95B2BAC1B7D596A0050ABBE /* UIFont+BR.m in Sources */ = {isa = PBXBuildFile; fileRef = C95B2B7B1B7D596A0050ABBE /* UIFont+BR.m */; };
		C95B2BAD1B7D596A0050ABBE /* UIImage+BR.h in Headers */ = {isa = PBXBuildFile; fileRef = C95B2B7C1B7D596A0050ABBE /* UIImage+BR.h */; };
		C95B2BAE1B7D596A0050ABBE /* UIImage+BR.m in Sources */ = {isa = PBXBuildFile; fileRef = C95B2B7D1B7D596A0050ABBE /* UIImage+BR.m */; };
		C95B2BAF1B7D596A0050ABBE /* UIImage+ImageEffects.h in Headers */ = {isa = PBXBuildFile; fileRef = C95B2B7E1B7D596A0050ABBE /* UIImage+ImageEffects.h */; };
		C95B2BB01B7D596A0050ABBE /* UIImage+ImageEffects.m in Sources */ = {isa = PBXBuildFile; fileRef = C95B2B7F1B7D596A0050ABBE /* UIImage+ImageEffects.m */; };
		C95B2BB11B7D596A0050ABBE /* UILabel+BR.h in Headers */ = {isa = PBXBuildFile; fileRef = C95B2B801B7D596A0050ABBE /* UILabel+BR.h */; };
		C95B2BB21B7D596A0050ABBE /* UILabel+BR.m in Sources */ = {isa = PBXBuildFile; fileRef = C95B2B811B7D596A0050ABBE /* UILabel+BR.m */; };
		C95B2BB31B7D596A0050ABBE /* UINavigationItem+BR.h in Headers */ = {isa = PBXBuildFile; fileRef = C95B2B821B7D596A0050ABBE /* UINavigationItem+BR.h */; };
		C95B2BB41B7D596A0050ABBE /* UINavigationItem+BR.m in Sources */ = {isa = PBXBuildFile; fileRef = C95B2B831B7D596A0050ABBE /* UINavigationItem+BR.m */; };
		C95B2BB51B7D596A0050ABBE /* UISegmentedControl+BR.h in Headers */ = {isa = PBXBuildFile; fileRef = C95B2B841B7D596A0050ABBE /* UISegmentedControl+BR.h */; };
		C95B2BB61B7D596A0050ABBE /* UISegmentedControl+BR.m in Sources */ = {isa = PBXBuildFile; fileRef = C95B2B851B7D596A0050ABBE /* UISegmentedControl+BR.m */; };
		C95B2BB71B7D596A0050ABBE /* UITextField+BR.h in Headers */ = {isa = PBXBuildFile; fileRef = C95B2B861B7D596A0050ABBE /* UITextField+BR.h */; };
		C95B2BB81B7D596A0050ABBE /* UITextField+BR.m in Sources */ = {isa = PBXBuildFile; fileRef = C95B2B871B7D596A0050ABBE /* UITextField+BR.m */; };
		C95B2BB91B7D596A0050ABBE /* UIView+BR.h in Headers */ = {isa = PBXBuildFile; fileRef = C95B2B881B7D596A0050ABBE /* UIView+BR.h */; };
		C95B2BBA1B7D596A0050ABBE /* UIView+BR.m in Sources */ = {isa = PBXBuildFile; fileRef = C95B2B891B7D596A0050ABBE /* UIView+BR.m */; };
		C95B2BD41B7D62F90050ABBE /* BRAppDelegate.h in Headers */ = {isa = PBXBuildFile; fileRef = C95B2BBC1B7D62F90050ABBE /* BRAppDelegate.h */; };
		C95B2BD51B7D62F90050ABBE /* BRAppDelegate.m in Sources */ = {isa = PBXBuildFile; fileRef = C95B2BBD1B7D62F90050ABBE /* BRAppDelegate.m */; };
		C95B2BD61B7D62F90050ABBE /* BRAuthenticatedWebServiceRequest.h in Headers */ = {isa = PBXBuildFile; fileRef = C95B2BBE1B7D62F90050ABBE /* BRAuthenticatedWebServiceRequest.h */; };
		C95B2BD71B7D62F90050ABBE /* BRAuthenticatedWebServiceRequest.m in Sources */ = {isa = PBXBuildFile; fileRef = C95B2BBF1B7D62F90050ABBE /* BRAuthenticatedWebServiceRequest.m */; };
		C95B2BD81B7D62F90050ABBE /* BRLoginWebServiceRequest.h in Headers */ = {isa = PBXBuildFile; fileRef = C95B2BC01B7D62F90050ABBE /* BRLoginWebServiceRequest.h */; };
		C95B2BD91B7D62F90050ABBE /* BRLoginWebServiceRequest.m in Sources */ = {isa = PBXBuildFile; fileRef = C95B2BC11B7D62F90050ABBE /* BRLoginWebServiceRequest.m */; };
		C95B2BDA1B7D62F90050ABBE /* BRPingWebServiceRequest.h in Headers */ = {isa = PBXBuildFile; fileRef = C95B2BC21B7D62F90050ABBE /* BRPingWebServiceRequest.h */; };
		C95B2BDB1B7D62F90050ABBE /* BRPingWebServiceRequest.m in Sources */ = {isa = PBXBuildFile; fileRef = C95B2BC31B7D62F90050ABBE /* BRPingWebServiceRequest.m */; };
		C95B2BDC1B7D62F90050ABBE /* BRProfileEditWebServiceRequest.h in Headers */ = {isa = PBXBuildFile; fileRef = C95B2BC41B7D62F90050ABBE /* BRProfileEditWebServiceRequest.h */; };
		C95B2BDD1B7D62F90050ABBE /* BRProfileEditWebServiceRequest.m in Sources */ = {isa = PBXBuildFile; fileRef = C95B2BC51B7D62F90050ABBE /* BRProfileEditWebServiceRequest.m */; };
		C95B2BDE1B7D62F90050ABBE /* BRProfileViewWebServiceRequest.h in Headers */ = {isa = PBXBuildFile; fileRef = C95B2BC61B7D62F90050ABBE /* BRProfileViewWebServiceRequest.h */; };
		C95B2BDF1B7D62F90050ABBE /* BRProfileViewWebServiceRequest.m in Sources */ = {isa = PBXBuildFile; fileRef = C95B2BC71B7D62F90050ABBE /* BRProfileViewWebServiceRequest.m */; };
		C95B2BE01B7D62F90050ABBE /* BRReachability.h in Headers */ = {isa = PBXBuildFile; fileRef = C95B2BC81B7D62F90050ABBE /* BRReachability.h */; };
		C95B2BE11B7D62F90050ABBE /* BRReachability.m in Sources */ = {isa = PBXBuildFile; fileRef = C95B2BC91B7D62F90050ABBE /* BRReachability.m */; };
		C95B2BE21B7D62F90050ABBE /* BRRegisterWebServiceRequest.h in Headers */ = {isa = PBXBuildFile; fileRef = C95B2BCA1B7D62F90050ABBE /* BRRegisterWebServiceRequest.h */; };
		C95B2BE31B7D62F90050ABBE /* BRRegisterWebServiceRequest.m in Sources */ = {isa = PBXBuildFile; fileRef = C95B2BCB1B7D62F90050ABBE /* BRRegisterWebServiceRequest.m */; };
		C95B2BE41B7D62F90050ABBE /* BRUserWebServiceRequest.h in Headers */ = {isa = PBXBuildFile; fileRef = C95B2BCC1B7D62F90050ABBE /* BRUserWebServiceRequest.h */; };
		C95B2BE51B7D62F90050ABBE /* BRUserWebServiceRequest.m in Sources */ = {isa = PBXBuildFile; fileRef = C95B2BCD1B7D62F90050ABBE /* BRUserWebServiceRequest.m */; };
		C95B2BE61B7D62F90050ABBE /* BRWebServiceRequest.h in Headers */ = {isa = PBXBuildFile; fileRef = C95B2BCE1B7D62F90050ABBE /* BRWebServiceRequest.h */; };
		C95B2BE71B7D62F90050ABBE /* BRWebServiceRequest.m in Sources */ = {isa = PBXBuildFile; fileRef = C95B2BCF1B7D62F90050ABBE /* BRWebServiceRequest.m */; };
		C95B2BE81B7D62F90050ABBE /* BRWebServiceResponse.h in Headers */ = {isa = PBXBuildFile; fileRef = C95B2BD01B7D62F90050ABBE /* BRWebServiceResponse.h */; };
		C95B2BE91B7D62F90050ABBE /* BRWebServiceResponse.m in Sources */ = {isa = PBXBuildFile; fileRef = C95B2BD11B7D62F90050ABBE /* BRWebServiceResponse.m */; };
		C95B2BEA1B7D62F90050ABBE /* ResetPasswordWebServiceRequest.h in Headers */ = {isa = PBXBuildFile; fileRef = C95B2BD21B7D62F90050ABBE /* ResetPasswordWebServiceRequest.h */; };
		C95B2BEB1B7D62F90050ABBE /* ResetPasswordWebServiceRequest.m in Sources */ = {isa = PBXBuildFile; fileRef = C95B2BD31B7D62F90050ABBE /* ResetPasswordWebServiceRequest.m */; };
/* End PBXBuildFile section */

/* Begin PBXContainerItemProxy section */
		29E2E37A1A683B7D0048D0AB /* PBXContainerItemProxy */ = {
			isa = PBXContainerItemProxy;
			containerPortal = 29E2E3641A683B7D0048D0AB /* Project object */;
			proxyType = 1;
			remoteGlobalIDString = 29E2E36C1A683B7D0048D0AB;
			remoteInfo = BlueRocketFuelCore;
		};
/* End PBXContainerItemProxy section */

/* Begin PBXFileReference section */
		102009BDEA71639BF2E84CA4 /* Pods-BlueRocketFuelCore.release.xcconfig */ = {isa = PBXFileReference; includeInIndex = 1; lastKnownFileType = text.xcconfig; name = "Pods-BlueRocketFuelCore.release.xcconfig"; path = "Pods/Target Support Files/Pods-BlueRocketFuelCore/Pods-BlueRocketFuelCore.release.xcconfig"; sourceTree = "<group>"; };
		107959C8D8AC4224453FD59D /* libPods-BlueRocketFuelCore.a */ = {isa = PBXFileReference; explicitFileType = archive.ar; includeInIndex = 0; path = "libPods-BlueRocketFuelCore.a"; sourceTree = BUILT_PRODUCTS_DIR; };
		297967851A683CE900B7408B /* BRJSON.h */ = {isa = PBXFileReference; fileEncoding = 4; lastKnownFileType = sourcecode.c.h; path = BRJSON.h; sourceTree = "<group>"; };
		297967861A683CE900B7408B /* BRJSON.m */ = {isa = PBXFileReference; fileEncoding = 4; lastKnownFileType = sourcecode.c.objc; path = BRJSON.m; sourceTree = "<group>"; };
		29E2E36D1A683B7D0048D0AB /* BlueRocketFuelCore.framework */ = {isa = PBXFileReference; explicitFileType = wrapper.framework; includeInIndex = 0; path = BlueRocketFuelCore.framework; sourceTree = BUILT_PRODUCTS_DIR; };
		29E2E3711A683B7D0048D0AB /* Info.plist */ = {isa = PBXFileReference; lastKnownFileType = text.plist.xml; path = Info.plist; sourceTree = "<group>"; };
		29E2E3721A683B7D0048D0AB /* BlueRocketFuelCore.h */ = {isa = PBXFileReference; lastKnownFileType = sourcecode.c.h; name = BlueRocketFuelCore.h; path = Code/BlueRocketFuelCore.h; sourceTree = "<group>"; };
		29E2E3781A683B7D0048D0AB /* BlueRocketFuelCoreTests.xctest */ = {isa = PBXFileReference; explicitFileType = wrapper.cfbundle; includeInIndex = 0; path = BlueRocketFuelCoreTests.xctest; sourceTree = BUILT_PRODUCTS_DIR; };
		29E2E37E1A683B7D0048D0AB /* Info.plist */ = {isa = PBXFileReference; lastKnownFileType = text.plist.xml; path = Info.plist; sourceTree = "<group>"; };
		29E2E37F1A683B7D0048D0AB /* BlueRocketFuelCoreTests.m */ = {isa = PBXFileReference; lastKnownFileType = sourcecode.c.objc; path = BlueRocketFuelCoreTests.m; sourceTree = "<group>"; };
		A268984B69E64005A00ED955 /* Pods-BlueRocketFuelCore.debug.xcconfig */ = {isa = PBXFileReference; includeInIndex = 1; lastKnownFileType = text.xcconfig; name = "Pods-BlueRocketFuelCore.debug.xcconfig"; path = "Pods/Target Support Files/Pods-BlueRocketFuelCore/Pods-BlueRocketFuelCore.debug.xcconfig"; sourceTree = "<group>"; };
		C90510421B7C31C800031482 /* BRFCRestKitDataMapping.h */ = {isa = PBXFileReference; fileEncoding = 4; lastKnownFileType = sourcecode.c.h; lineEnding = 0; path = BRFCRestKitDataMapping.h; sourceTree = "<group>"; };
		C90510431B7C31C800031482 /* BRFCRestKitDataMapping.m */ = {isa = PBXFileReference; fileEncoding = 4; lastKnownFileType = sourcecode.c.objc; lineEnding = 0; path = BRFCRestKitDataMapping.m; sourceTree = "<group>"; };
		C90510441B7C31C800031482 /* RestKitWebApiDataMapper.h */ = {isa = PBXFileReference; fileEncoding = 4; lastKnownFileType = sourcecode.c.h; lineEnding = 0; path = RestKitWebApiDataMapper.h; sourceTree = "<group>"; };
		C90510451B7C31C800031482 /* RestKitWebApiDataMapper.m */ = {isa = PBXFileReference; fileEncoding = 4; lastKnownFileType = sourcecode.c.objc; lineEnding = 0; path = RestKitWebApiDataMapper.m; sourceTree = "<group>"; };
		C90510481B7C31C800031482 /* NSDictionary+WebApiClient.h */ = {isa = PBXFileReference; fileEncoding = 4; lastKnownFileType = sourcecode.c.h; lineEnding = 0; path = "NSDictionary+WebApiClient.h"; sourceTree = "<group>"; };
		C90510491B7C31C800031482 /* NSDictionary+WebApiClient.m */ = {isa = PBXFileReference; fileEncoding = 4; lastKnownFileType = sourcecode.c.objc; lineEnding = 0; path = "NSDictionary+WebApiClient.m"; sourceTree = "<group>"; };
		C905104A1B7C31C800031482 /* WebApiClient.h */ = {isa = PBXFileReference; fileEncoding = 4; lastKnownFileType = sourcecode.c.h; lineEnding = 0; path = WebApiClient.h; sourceTree = "<group>"; xcLanguageSpecificationIdentifier = xcode.lang.objcpp; };
		C905104B1B7C31C800031482 /* WebApiClient.m */ = {isa = PBXFileReference; fileEncoding = 4; lastKnownFileType = sourcecode.c.objc; lineEnding = 0; path = WebApiClient.m; sourceTree = "<group>"; xcLanguageSpecificationIdentifier = xcode.lang.objc; };
		C905104C1B7C31C800031482 /* WebApiClientSupport.h */ = {isa = PBXFileReference; fileEncoding = 4; lastKnownFileType = sourcecode.c.h; lineEnding = 0; path = WebApiClientSupport.h; sourceTree = "<group>"; };
		C905104D1B7C31C800031482 /* WebApiClientSupport.m */ = {isa = PBXFileReference; fileEncoding = 4; lastKnownFileType = sourcecode.c.objc; lineEnding = 0; path = WebApiClientSupport.m; sourceTree = "<group>"; xcLanguageSpecificationIdentifier = xcode.lang.objc; };
		C905104E1B7C31C800031482 /* WebApiDataMapper.h */ = {isa = PBXFileReference; fileEncoding = 4; lastKnownFileType = sourcecode.c.h; lineEnding = 0; path = WebApiDataMapper.h; sourceTree = "<group>"; };
		C905104F1B7C31C800031482 /* WebApiRoute.h */ = {isa = PBXFileReference; fileEncoding = 4; lastKnownFileType = sourcecode.c.h; lineEnding = 0; path = WebApiRoute.h; sourceTree = "<group>"; };
		C90510511B7C31C800031482 /* AFNetworkingWebApiClient.h */ = {isa = PBXFileReference; fileEncoding = 4; lastKnownFileType = sourcecode.c.h; lineEnding = 0; path = AFNetworkingWebApiClient.h; sourceTree = "<group>"; };
		C90510521B7C31C800031482 /* AFNetworkingWebApiClient.m */ = {isa = PBXFileReference; fileEncoding = 4; lastKnownFileType = sourcecode.c.objc; lineEnding = 0; path = AFNetworkingWebApiClient.m; sourceTree = "<group>"; };
		C90510531B7C31C800031482 /* WebApiClient-AFNetworking.h */ = {isa = PBXFileReference; fileEncoding = 4; lastKnownFileType = sourcecode.c.h; name = "WebApiClient-AFNetworking.h"; path = "Code/WebApiClient-AFNetworking.h"; sourceTree = "<group>"; };
		C90510541B7C31C800031482 /* WebApiClient-RestKit.h */ = {isa = PBXFileReference; fileEncoding = 4; lastKnownFileType = sourcecode.c.h; name = "WebApiClient-RestKit.h"; path = "Code/WebApiClient-RestKit.h"; sourceTree = "<group>"; };
		C90510551B7C31C800031482 /* WebApiClient-Core.h */ = {isa = PBXFileReference; fileEncoding = 4; lastKnownFileType = sourcecode.c.h; name = "WebApiClient-Core.h"; path = "Code/WebApiClient-Core.h"; sourceTree = "<group>"; };
		C921E9D51B813B0B001C04FA /* WebApiResponse.h */ = {isa = PBXFileReference; fileEncoding = 4; lastKnownFileType = sourcecode.c.h; path = WebApiResponse.h; sourceTree = "<group>"; };
		C921E9D81B814A07001C04FA /* WebApiClientActivitySupport.h */ = {isa = PBXFileReference; fileEncoding = 4; lastKnownFileType = sourcecode.c.h; path = WebApiClientActivitySupport.h; sourceTree = "<group>"; };
		C921E9D91B814A07001C04FA /* WebApiClientActivitySupport.m */ = {isa = PBXFileReference; fileEncoding = 4; lastKnownFileType = sourcecode.c.objc; path = WebApiClientActivitySupport.m; sourceTree = "<group>"; };
		C921E9DA1B814A07001C04FA /* WebApiClient-UI.h */ = {isa = PBXFileReference; fileEncoding = 4; lastKnownFileType = sourcecode.c.h; name = "WebApiClient-UI.h"; path = "Code/WebApiClient-UI.h"; sourceTree = "<group>"; };
		C921E9DE1B8185E1001C04FA /* NSObject+BRLocalizableUI.h */ = {isa = PBXFileReference; fileEncoding = 4; lastKnownFileType = sourcecode.c.h; path = "NSObject+BRLocalizableUI.h"; sourceTree = "<group>"; };
		C921E9DF1B8185E1001C04FA /* NSObject+BRLocalizableUI.m */ = {isa = PBXFileReference; fileEncoding = 4; lastKnownFileType = sourcecode.c.objc; path = "NSObject+BRLocalizableUI.m"; sourceTree = "<group>"; };
		C95775F81B7DBEE100D91C3D /* WebApiRotue.m */ = {isa = PBXFileReference; fileEncoding = 4; lastKnownFileType = sourcecode.c.objc; path = WebApiRotue.m; sourceTree = "<group>"; };
		C95B2AB91B7D58310050ABBE /* Logging.h */ = {isa = PBXFileReference; fileEncoding = 4; lastKnownFileType = sourcecode.c.h; name = Logging.h; path = Code/Logging.h; sourceTree = "<group>"; };
		C95B2ABB1B7D58310050ABBE /* BRLogging.h */ = {isa = PBXFileReference; fileEncoding = 4; lastKnownFileType = sourcecode.c.h; path = BRLogging.h; sourceTree = "<group>"; };
		C95B2ABC1B7D58310050ABBE /* BRLogging.m */ = {isa = PBXFileReference; fileEncoding = 4; lastKnownFileType = sourcecode.c.objc; path = BRLogging.m; sourceTree = "<group>"; };
		C95B2AF81B7D58310050ABBE /* UI.h */ = {isa = PBXFileReference; fileEncoding = 4; lastKnownFileType = sourcecode.c.h; name = UI.h; path = Code/UI.h; sourceTree = "<group>"; };
		C95B2AF91B7D58310050ABBE /* WebRequest.h */ = {isa = PBXFileReference; fileEncoding = 4; lastKnownFileType = sourcecode.c.h; name = WebRequest.h; path = Code/WebRequest.h; sourceTree = "<group>"; };
		C95B2AFA1B7D58310050ABBE /* Core.h */ = {isa = PBXFileReference; fileEncoding = 4; lastKnownFileType = sourcecode.c.h; name = Core.h; path = Code/Core.h; sourceTree = "<group>"; };
		C95B2AFC1B7D58310050ABBE /* BRAppConfigEnvironmentProvider.h */ = {isa = PBXFileReference; fileEncoding = 4; lastKnownFileType = sourcecode.c.h; path = BRAppConfigEnvironmentProvider.h; sourceTree = "<group>"; };
		C95B2AFD1B7D58310050ABBE /* BRAppConfigEnvironmentProvider.m */ = {isa = PBXFileReference; fileEncoding = 4; lastKnownFileType = sourcecode.c.objc; path = BRAppConfigEnvironmentProvider.m; sourceTree = "<group>"; };
		C95B2AFE1B7D58310050ABBE /* BRAppUser.h */ = {isa = PBXFileReference; fileEncoding = 4; lastKnownFileType = sourcecode.c.h; path = BRAppUser.h; sourceTree = "<group>"; };
		C95B2AFF1B7D58320050ABBE /* BRAppUser.m */ = {isa = PBXFileReference; fileEncoding = 4; lastKnownFileType = sourcecode.c.objc; path = BRAppUser.m; sourceTree = "<group>"; };
		C95B2B001B7D58320050ABBE /* BRKeychainService.h */ = {isa = PBXFileReference; fileEncoding = 4; lastKnownFileType = sourcecode.c.h; path = BRKeychainService.h; sourceTree = "<group>"; };
		C95B2B011B7D58320050ABBE /* BRKeychainService.m */ = {isa = PBXFileReference; fileEncoding = 4; lastKnownFileType = sourcecode.c.objc; path = BRKeychainService.m; sourceTree = "<group>"; };
		C95B2B021B7D58320050ABBE /* BRLocalizable.h */ = {isa = PBXFileReference; fileEncoding = 4; lastKnownFileType = sourcecode.c.h; path = BRLocalizable.h; sourceTree = "<group>"; };
		C95B2B031B7D58320050ABBE /* BRSimpleKeychainService.h */ = {isa = PBXFileReference; fileEncoding = 4; lastKnownFileType = sourcecode.c.h; path = BRSimpleKeychainService.h; sourceTree = "<group>"; };
		C95B2B041B7D58320050ABBE /* BRSimpleKeychainService.m */ = {isa = PBXFileReference; fileEncoding = 4; lastKnownFileType = sourcecode.c.objc; path = BRSimpleKeychainService.m; sourceTree = "<group>"; };
		C95B2B051B7D58320050ABBE /* BRUser.h */ = {isa = PBXFileReference; fileEncoding = 4; lastKnownFileType = sourcecode.c.h; path = BRUser.h; sourceTree = "<group>"; };
		C95B2B061B7D58320050ABBE /* NSBundle+BR.h */ = {isa = PBXFileReference; fileEncoding = 4; lastKnownFileType = sourcecode.c.h; path = "NSBundle+BR.h"; sourceTree = "<group>"; };
		C95B2B071B7D58320050ABBE /* NSBundle+BR.m */ = {isa = PBXFileReference; fileEncoding = 4; lastKnownFileType = sourcecode.c.objc; path = "NSBundle+BR.m"; sourceTree = "<group>"; };
		C95B2B081B7D58320050ABBE /* NSDate+BR.h */ = {isa = PBXFileReference; fileEncoding = 4; lastKnownFileType = sourcecode.c.h; path = "NSDate+BR.h"; sourceTree = "<group>"; };
		C95B2B091B7D58320050ABBE /* NSDate+BR.m */ = {isa = PBXFileReference; fileEncoding = 4; lastKnownFileType = sourcecode.c.objc; path = "NSDate+BR.m"; sourceTree = "<group>"; };
		C95B2B0A1B7D58320050ABBE /* NSDictionary+BR.h */ = {isa = PBXFileReference; fileEncoding = 4; lastKnownFileType = sourcecode.c.h; path = "NSDictionary+BR.h"; sourceTree = "<group>"; };
		C95B2B0B1B7D58320050ABBE /* NSDictionary+BR.m */ = {isa = PBXFileReference; fileEncoding = 4; lastKnownFileType = sourcecode.c.objc; path = "NSDictionary+BR.m"; sourceTree = "<group>"; };
		C95B2B0C1B7D58320050ABBE /* NSString+BR.h */ = {isa = PBXFileReference; fileEncoding = 4; lastKnownFileType = sourcecode.c.h; path = "NSString+BR.h"; sourceTree = "<group>"; };
		C95B2B0D1B7D58320050ABBE /* NSString+BR.m */ = {isa = PBXFileReference; fileEncoding = 4; lastKnownFileType = sourcecode.c.objc; path = "NSString+BR.m"; sourceTree = "<group>"; };
		C95B2B6D1B7D596A0050ABBE /* BRFullScreenNotificationView.h */ = {isa = PBXFileReference; fileEncoding = 4; lastKnownFileType = sourcecode.c.h; path = BRFullScreenNotificationView.h; sourceTree = "<group>"; };
		C95B2B6E1B7D596A0050ABBE /* BRFullScreenNotificationView.m */ = {isa = PBXFileReference; fileEncoding = 4; lastKnownFileType = sourcecode.c.objc; path = BRFullScreenNotificationView.m; sourceTree = "<group>"; };
		C95B2B6F1B7D596A0050ABBE /* BRFullScreeNotificationViewDelegate.h */ = {isa = PBXFileReference; fileEncoding = 4; lastKnownFileType = sourcecode.c.h; path = BRFullScreeNotificationViewDelegate.h; sourceTree = "<group>"; };
		C95B2B701B7D596A0050ABBE /* BROptionsTray.h */ = {isa = PBXFileReference; fileEncoding = 4; lastKnownFileType = sourcecode.c.h; path = BROptionsTray.h; sourceTree = "<group>"; };
		C95B2B711B7D596A0050ABBE /* BROptionsTray.m */ = {isa = PBXFileReference; fileEncoding = 4; lastKnownFileType = sourcecode.c.objc; path = BROptionsTray.m; sourceTree = "<group>"; };
		C95B2B721B7D596A0050ABBE /* PushNoAnimationSegue.h */ = {isa = PBXFileReference; fileEncoding = 4; lastKnownFileType = sourcecode.c.h; path = PushNoAnimationSegue.h; sourceTree = "<group>"; };
		C95B2B731B7D596A0050ABBE /* PushNoAnimationSegue.m */ = {isa = PBXFileReference; fileEncoding = 4; lastKnownFileType = sourcecode.c.objc; path = PushNoAnimationSegue.m; sourceTree = "<group>"; };
		C95B2B741B7D596A0050ABBE /* ReplaceNoAnimationSegue.h */ = {isa = PBXFileReference; fileEncoding = 4; lastKnownFileType = sourcecode.c.h; path = ReplaceNoAnimationSegue.h; sourceTree = "<group>"; };
		C95B2B751B7D596A0050ABBE /* ReplaceNoAnimationSegue.m */ = {isa = PBXFileReference; fileEncoding = 4; lastKnownFileType = sourcecode.c.objc; path = ReplaceNoAnimationSegue.m; sourceTree = "<group>"; };
		C95B2B761B7D596A0050ABBE /* UIBarButtonItem+BR.h */ = {isa = PBXFileReference; fileEncoding = 4; lastKnownFileType = sourcecode.c.h; path = "UIBarButtonItem+BR.h"; sourceTree = "<group>"; };
		C95B2B771B7D596A0050ABBE /* UIBarButtonItem+BR.m */ = {isa = PBXFileReference; fileEncoding = 4; lastKnownFileType = sourcecode.c.objc; path = "UIBarButtonItem+BR.m"; sourceTree = "<group>"; };
		C95B2B781B7D596A0050ABBE /* UIButton+BR.h */ = {isa = PBXFileReference; fileEncoding = 4; lastKnownFileType = sourcecode.c.h; path = "UIButton+BR.h"; sourceTree = "<group>"; };
		C95B2B791B7D596A0050ABBE /* UIButton+BR.m */ = {isa = PBXFileReference; fileEncoding = 4; lastKnownFileType = sourcecode.c.objc; path = "UIButton+BR.m"; sourceTree = "<group>"; };
		C95B2B7A1B7D596A0050ABBE /* UIFont+BR.h */ = {isa = PBXFileReference; fileEncoding = 4; lastKnownFileType = sourcecode.c.h; path = "UIFont+BR.h"; sourceTree = "<group>"; };
		C95B2B7B1B7D596A0050ABBE /* UIFont+BR.m */ = {isa = PBXFileReference; fileEncoding = 4; lastKnownFileType = sourcecode.c.objc; path = "UIFont+BR.m"; sourceTree = "<group>"; };
		C95B2B7C1B7D596A0050ABBE /* UIImage+BR.h */ = {isa = PBXFileReference; fileEncoding = 4; lastKnownFileType = sourcecode.c.h; path = "UIImage+BR.h"; sourceTree = "<group>"; };
		C95B2B7D1B7D596A0050ABBE /* UIImage+BR.m */ = {isa = PBXFileReference; fileEncoding = 4; lastKnownFileType = sourcecode.c.objc; path = "UIImage+BR.m"; sourceTree = "<group>"; };
		C95B2B7E1B7D596A0050ABBE /* UIImage+ImageEffects.h */ = {isa = PBXFileReference; fileEncoding = 4; lastKnownFileType = sourcecode.c.h; path = "UIImage+ImageEffects.h"; sourceTree = "<group>"; };
		C95B2B7F1B7D596A0050ABBE /* UIImage+ImageEffects.m */ = {isa = PBXFileReference; fileEncoding = 4; lastKnownFileType = sourcecode.c.objc; path = "UIImage+ImageEffects.m"; sourceTree = "<group>"; };
		C95B2B801B7D596A0050ABBE /* UILabel+BR.h */ = {isa = PBXFileReference; fileEncoding = 4; lastKnownFileType = sourcecode.c.h; path = "UILabel+BR.h"; sourceTree = "<group>"; };
		C95B2B811B7D596A0050ABBE /* UILabel+BR.m */ = {isa = PBXFileReference; fileEncoding = 4; lastKnownFileType = sourcecode.c.objc; path = "UILabel+BR.m"; sourceTree = "<group>"; };
		C95B2B821B7D596A0050ABBE /* UINavigationItem+BR.h */ = {isa = PBXFileReference; fileEncoding = 4; lastKnownFileType = sourcecode.c.h; path = "UINavigationItem+BR.h"; sourceTree = "<group>"; };
		C95B2B831B7D596A0050ABBE /* UINavigationItem+BR.m */ = {isa = PBXFileReference; fileEncoding = 4; lastKnownFileType = sourcecode.c.objc; path = "UINavigationItem+BR.m"; sourceTree = "<group>"; };
		C95B2B841B7D596A0050ABBE /* UISegmentedControl+BR.h */ = {isa = PBXFileReference; fileEncoding = 4; lastKnownFileType = sourcecode.c.h; path = "UISegmentedControl+BR.h"; sourceTree = "<group>"; };
		C95B2B851B7D596A0050ABBE /* UISegmentedControl+BR.m */ = {isa = PBXFileReference; fileEncoding = 4; lastKnownFileType = sourcecode.c.objc; path = "UISegmentedControl+BR.m"; sourceTree = "<group>"; };
		C95B2B861B7D596A0050ABBE /* UITextField+BR.h */ = {isa = PBXFileReference; fileEncoding = 4; lastKnownFileType = sourcecode.c.h; path = "UITextField+BR.h"; sourceTree = "<group>"; };
		C95B2B871B7D596A0050ABBE /* UITextField+BR.m */ = {isa = PBXFileReference; fileEncoding = 4; lastKnownFileType = sourcecode.c.objc; path = "UITextField+BR.m"; sourceTree = "<group>"; };
		C95B2B881B7D596A0050ABBE /* UIView+BR.h */ = {isa = PBXFileReference; fileEncoding = 4; lastKnownFileType = sourcecode.c.h; path = "UIView+BR.h"; sourceTree = "<group>"; };
		C95B2B891B7D596A0050ABBE /* UIView+BR.m */ = {isa = PBXFileReference; fileEncoding = 4; lastKnownFileType = sourcecode.c.objc; path = "UIView+BR.m"; sourceTree = "<group>"; };
		C95B2BBC1B7D62F90050ABBE /* BRAppDelegate.h */ = {isa = PBXFileReference; fileEncoding = 4; lastKnownFileType = sourcecode.c.h; path = BRAppDelegate.h; sourceTree = "<group>"; };
		C95B2BBD1B7D62F90050ABBE /* BRAppDelegate.m */ = {isa = PBXFileReference; fileEncoding = 4; lastKnownFileType = sourcecode.c.objc; path = BRAppDelegate.m; sourceTree = "<group>"; };
		C95B2BBE1B7D62F90050ABBE /* BRAuthenticatedWebServiceRequest.h */ = {isa = PBXFileReference; fileEncoding = 4; lastKnownFileType = sourcecode.c.h; path = BRAuthenticatedWebServiceRequest.h; sourceTree = "<group>"; };
		C95B2BBF1B7D62F90050ABBE /* BRAuthenticatedWebServiceRequest.m */ = {isa = PBXFileReference; fileEncoding = 4; lastKnownFileType = sourcecode.c.objc; path = BRAuthenticatedWebServiceRequest.m; sourceTree = "<group>"; };
		C95B2BC01B7D62F90050ABBE /* BRLoginWebServiceRequest.h */ = {isa = PBXFileReference; fileEncoding = 4; lastKnownFileType = sourcecode.c.h; path = BRLoginWebServiceRequest.h; sourceTree = "<group>"; };
		C95B2BC11B7D62F90050ABBE /* BRLoginWebServiceRequest.m */ = {isa = PBXFileReference; fileEncoding = 4; lastKnownFileType = sourcecode.c.objc; path = BRLoginWebServiceRequest.m; sourceTree = "<group>"; };
		C95B2BC21B7D62F90050ABBE /* BRPingWebServiceRequest.h */ = {isa = PBXFileReference; fileEncoding = 4; lastKnownFileType = sourcecode.c.h; path = BRPingWebServiceRequest.h; sourceTree = "<group>"; };
		C95B2BC31B7D62F90050ABBE /* BRPingWebServiceRequest.m */ = {isa = PBXFileReference; fileEncoding = 4; lastKnownFileType = sourcecode.c.objc; path = BRPingWebServiceRequest.m; sourceTree = "<group>"; };
		C95B2BC41B7D62F90050ABBE /* BRProfileEditWebServiceRequest.h */ = {isa = PBXFileReference; fileEncoding = 4; lastKnownFileType = sourcecode.c.h; path = BRProfileEditWebServiceRequest.h; sourceTree = "<group>"; };
		C95B2BC51B7D62F90050ABBE /* BRProfileEditWebServiceRequest.m */ = {isa = PBXFileReference; fileEncoding = 4; lastKnownFileType = sourcecode.c.objc; path = BRProfileEditWebServiceRequest.m; sourceTree = "<group>"; };
		C95B2BC61B7D62F90050ABBE /* BRProfileViewWebServiceRequest.h */ = {isa = PBXFileReference; fileEncoding = 4; lastKnownFileType = sourcecode.c.h; path = BRProfileViewWebServiceRequest.h; sourceTree = "<group>"; };
		C95B2BC71B7D62F90050ABBE /* BRProfileViewWebServiceRequest.m */ = {isa = PBXFileReference; fileEncoding = 4; lastKnownFileType = sourcecode.c.objc; path = BRProfileViewWebServiceRequest.m; sourceTree = "<group>"; };
		C95B2BC81B7D62F90050ABBE /* BRReachability.h */ = {isa = PBXFileReference; fileEncoding = 4; lastKnownFileType = sourcecode.c.h; path = BRReachability.h; sourceTree = "<group>"; };
		C95B2BC91B7D62F90050ABBE /* BRReachability.m */ = {isa = PBXFileReference; fileEncoding = 4; lastKnownFileType = sourcecode.c.objc; path = BRReachability.m; sourceTree = "<group>"; };
		C95B2BCA1B7D62F90050ABBE /* BRRegisterWebServiceRequest.h */ = {isa = PBXFileReference; fileEncoding = 4; lastKnownFileType = sourcecode.c.h; path = BRRegisterWebServiceRequest.h; sourceTree = "<group>"; };
		C95B2BCB1B7D62F90050ABBE /* BRRegisterWebServiceRequest.m */ = {isa = PBXFileReference; fileEncoding = 4; lastKnownFileType = sourcecode.c.objc; path = BRRegisterWebServiceRequest.m; sourceTree = "<group>"; };
		C95B2BCC1B7D62F90050ABBE /* BRUserWebServiceRequest.h */ = {isa = PBXFileReference; fileEncoding = 4; lastKnownFileType = sourcecode.c.h; path = BRUserWebServiceRequest.h; sourceTree = "<group>"; };
		C95B2BCD1B7D62F90050ABBE /* BRUserWebServiceRequest.m */ = {isa = PBXFileReference; fileEncoding = 4; lastKnownFileType = sourcecode.c.objc; path = BRUserWebServiceRequest.m; sourceTree = "<group>"; };
		C95B2BCE1B7D62F90050ABBE /* BRWebServiceRequest.h */ = {isa = PBXFileReference; fileEncoding = 4; lastKnownFileType = sourcecode.c.h; path = BRWebServiceRequest.h; sourceTree = "<group>"; };
		C95B2BCF1B7D62F90050ABBE /* BRWebServiceRequest.m */ = {isa = PBXFileReference; fileEncoding = 4; lastKnownFileType = sourcecode.c.objc; path = BRWebServiceRequest.m; sourceTree = "<group>"; };
		C95B2BD01B7D62F90050ABBE /* BRWebServiceResponse.h */ = {isa = PBXFileReference; fileEncoding = 4; lastKnownFileType = sourcecode.c.h; path = BRWebServiceResponse.h; sourceTree = "<group>"; };
		C95B2BD11B7D62F90050ABBE /* BRWebServiceResponse.m */ = {isa = PBXFileReference; fileEncoding = 4; lastKnownFileType = sourcecode.c.objc; path = BRWebServiceResponse.m; sourceTree = "<group>"; };
		C95B2BD21B7D62F90050ABBE /* ResetPasswordWebServiceRequest.h */ = {isa = PBXFileReference; fileEncoding = 4; lastKnownFileType = sourcecode.c.h; path = ResetPasswordWebServiceRequest.h; sourceTree = "<group>"; };
		C95B2BD31B7D62F90050ABBE /* ResetPasswordWebServiceRequest.m */ = {isa = PBXFileReference; fileEncoding = 4; lastKnownFileType = sourcecode.c.objc; path = ResetPasswordWebServiceRequest.m; sourceTree = "<group>"; };
/* End PBXFileReference section */

/* Begin PBXFrameworksBuildPhase section */
		29E2E3691A683B7D0048D0AB /* Frameworks */ = {
			isa = PBXFrameworksBuildPhase;
			buildActionMask = 2147483647;
			files = (
				912CD96D928E33B7C31F0C96 /* libPods-BlueRocketFuelCore.a in Frameworks */,
			);
			runOnlyForDeploymentPostprocessing = 0;
		};
		29E2E3751A683B7D0048D0AB /* Frameworks */ = {
			isa = PBXFrameworksBuildPhase;
			buildActionMask = 2147483647;
			files = (
				29E2E3791A683B7D0048D0AB /* BlueRocketFuelCore.framework in Frameworks */,
			);
			runOnlyForDeploymentPostprocessing = 0;
		};
/* End PBXFrameworksBuildPhase section */

/* Begin PBXGroup section */
		29E2E3631A683B7D0048D0AB = {
			isa = PBXGroup;
			children = (
				29E2E3721A683B7D0048D0AB /* BlueRocketFuelCore.h */,
				29E2E36F1A683B7D0048D0AB /* BlueRocketFuelCore */,
				C95B2AFA1B7D58310050ABBE /* Core.h */,
				C95B2AFB1B7D58310050ABBE /* Core */,
				C95B2AB91B7D58310050ABBE /* Logging.h */,
				C95B2ABA1B7D58310050ABBE /* Logging */,
				C95B2AF81B7D58310050ABBE /* UI.h */,
				C95B2B6C1B7D596A0050ABBE /* UI */,
				C90510551B7C31C800031482 /* WebApiClient-Core.h */,
				C90510471B7C31C800031482 /* WebApiClient */,
				C90510531B7C31C800031482 /* WebApiClient-AFNetworking.h */,
				C90510501B7C31C800031482 /* WebApiClient-AFNetworking */,
				C90510541B7C31C800031482 /* WebApiClient-RestKit.h */,
				C90510411B7C31C800031482 /* WebApiClient-RestKit */,
				C921E9DA1B814A07001C04FA /* WebApiClient-UI.h */,
				C921E9D71B814A07001C04FA /* WebApiClient-UI */,
				C95B2AF91B7D58310050ABBE /* WebRequest.h */,
				C95B2BBB1B7D62F90050ABBE /* WebRequest */,
				29E2E37C1A683B7D0048D0AB /* BlueRocketFuelCoreTests */,
				29E2E36E1A683B7D0048D0AB /* Products */,
				BEAF6F62C348BD759695ED90 /* Pods */,
				6D14640ED142B895E3B4B13E /* Frameworks */,
			);
			sourceTree = "<group>";
		};
		29E2E36E1A683B7D0048D0AB /* Products */ = {
			isa = PBXGroup;
			children = (
				29E2E36D1A683B7D0048D0AB /* BlueRocketFuelCore.framework */,
				29E2E3781A683B7D0048D0AB /* BlueRocketFuelCoreTests.xctest */,
			);
			name = Products;
			sourceTree = "<group>";
		};
		29E2E36F1A683B7D0048D0AB /* BlueRocketFuelCore */ = {
			isa = PBXGroup;
			children = (
				297967851A683CE900B7408B /* BRJSON.h */,
				297967861A683CE900B7408B /* BRJSON.m */,
				29E2E3701A683B7D0048D0AB /* Supporting Files */,
			);
			path = BlueRocketFuelCore;
			sourceTree = "<group>";
		};
		29E2E3701A683B7D0048D0AB /* Supporting Files */ = {
			isa = PBXGroup;
			children = (
				29E2E3711A683B7D0048D0AB /* Info.plist */,
			);
			name = "Supporting Files";
			sourceTree = "<group>";
		};
		29E2E37C1A683B7D0048D0AB /* BlueRocketFuelCoreTests */ = {
			isa = PBXGroup;
			children = (
				29E2E37F1A683B7D0048D0AB /* BlueRocketFuelCoreTests.m */,
				29E2E37D1A683B7D0048D0AB /* Supporting Files */,
			);
			path = BlueRocketFuelCoreTests;
			sourceTree = "<group>";
		};
		29E2E37D1A683B7D0048D0AB /* Supporting Files */ = {
			isa = PBXGroup;
			children = (
				29E2E37E1A683B7D0048D0AB /* Info.plist */,
			);
			name = "Supporting Files";
			sourceTree = "<group>";
		};
		6D14640ED142B895E3B4B13E /* Frameworks */ = {
			isa = PBXGroup;
			children = (
				107959C8D8AC4224453FD59D /* libPods-BlueRocketFuelCore.a */,
			);
			name = Frameworks;
			sourceTree = "<group>";
		};
		BEAF6F62C348BD759695ED90 /* Pods */ = {
			isa = PBXGroup;
			children = (
				A268984B69E64005A00ED955 /* Pods-BlueRocketFuelCore.debug.xcconfig */,
				102009BDEA71639BF2E84CA4 /* Pods-BlueRocketFuelCore.release.xcconfig */,
			);
			name = Pods;
			sourceTree = "<group>";
		};
		C90510411B7C31C800031482 /* WebApiClient-RestKit */ = {
			isa = PBXGroup;
			children = (
				C90510421B7C31C800031482 /* BRFCRestKitDataMapping.h */,
				C90510431B7C31C800031482 /* BRFCRestKitDataMapping.m */,
				C90510441B7C31C800031482 /* RestKitWebApiDataMapper.h */,
				C90510451B7C31C800031482 /* RestKitWebApiDataMapper.m */,
			);
			name = "WebApiClient-RestKit";
			path = "Code/WebApiClient-RestKit";
			sourceTree = "<group>";
		};
		C90510471B7C31C800031482 /* WebApiClient */ = {
			isa = PBXGroup;
			children = (
				C90510481B7C31C800031482 /* NSDictionary+WebApiClient.h */,
				C90510491B7C31C800031482 /* NSDictionary+WebApiClient.m */,
				C905104A1B7C31C800031482 /* WebApiClient.h */,
				C905104B1B7C31C800031482 /* WebApiClient.m */,
				C905104C1B7C31C800031482 /* WebApiClientSupport.h */,
				C905104D1B7C31C800031482 /* WebApiClientSupport.m */,
				C905104E1B7C31C800031482 /* WebApiDataMapper.h */,
				C921E9D51B813B0B001C04FA /* WebApiResponse.h */,
				C905104F1B7C31C800031482 /* WebApiRoute.h */,
				C95775F81B7DBEE100D91C3D /* WebApiRotue.m */,
			);
			name = WebApiClient;
			path = Code/WebApiClient;
			sourceTree = "<group>";
		};
		C90510501B7C31C800031482 /* WebApiClient-AFNetworking */ = {
			isa = PBXGroup;
			children = (
				C90510511B7C31C800031482 /* AFNetworkingWebApiClient.h */,
				C90510521B7C31C800031482 /* AFNetworkingWebApiClient.m */,
			);
			name = "WebApiClient-AFNetworking";
			path = "Code/WebApiClient-AFNetworking";
			sourceTree = "<group>";
		};
		C921E9D71B814A07001C04FA /* WebApiClient-UI */ = {
			isa = PBXGroup;
			children = (
				C921E9D81B814A07001C04FA /* WebApiClientActivitySupport.h */,
				C921E9D91B814A07001C04FA /* WebApiClientActivitySupport.m */,
			);
			name = "WebApiClient-UI";
			path = "Code/WebApiClient-UI";
			sourceTree = "<group>";
		};
		C95B2ABA1B7D58310050ABBE /* Logging */ = {
			isa = PBXGroup;
			children = (
				C95B2ABB1B7D58310050ABBE /* BRLogging.h */,
				C95B2ABC1B7D58310050ABBE /* BRLogging.m */,
			);
			name = Logging;
			path = Code/Logging;
			sourceTree = "<group>";
		};
		C95B2AFB1B7D58310050ABBE /* Core */ = {
			isa = PBXGroup;
			children = (
				C95B2AFC1B7D58310050ABBE /* BRAppConfigEnvironmentProvider.h */,
				C95B2AFD1B7D58310050ABBE /* BRAppConfigEnvironmentProvider.m */,
				C95B2AFE1B7D58310050ABBE /* BRAppUser.h */,
				C95B2AFF1B7D58320050ABBE /* BRAppUser.m */,
				C95B2B001B7D58320050ABBE /* BRKeychainService.h */,
				C95B2B011B7D58320050ABBE /* BRKeychainService.m */,
				C95B2B021B7D58320050ABBE /* BRLocalizable.h */,
				C95B2B031B7D58320050ABBE /* BRSimpleKeychainService.h */,
				C95B2B041B7D58320050ABBE /* BRSimpleKeychainService.m */,
				C95B2B051B7D58320050ABBE /* BRUser.h */,
				C95B2B061B7D58320050ABBE /* NSBundle+BR.h */,
				C95B2B071B7D58320050ABBE /* NSBundle+BR.m */,
				C95B2B081B7D58320050ABBE /* NSDate+BR.h */,
				C95B2B091B7D58320050ABBE /* NSDate+BR.m */,
				C95B2B0A1B7D58320050ABBE /* NSDictionary+BR.h */,
				C95B2B0B1B7D58320050ABBE /* NSDictionary+BR.m */,
				C95B2B0C1B7D58320050ABBE /* NSString+BR.h */,
				C95B2B0D1B7D58320050ABBE /* NSString+BR.m */,
			);
			name = Core;
			path = Code/Core;
			sourceTree = "<group>";
		};
		C95B2B6C1B7D596A0050ABBE /* UI */ = {
			isa = PBXGroup;
			children = (
				C95B2B6D1B7D596A0050ABBE /* BRFullScreenNotificationView.h */,
				C95B2B6E1B7D596A0050ABBE /* BRFullScreenNotificationView.m */,
				C95B2B6F1B7D596A0050ABBE /* BRFullScreeNotificationViewDelegate.h */,
				C95B2B701B7D596A0050ABBE /* BROptionsTray.h */,
				C95B2B711B7D596A0050ABBE /* BROptionsTray.m */,
				C921E9DE1B8185E1001C04FA /* NSObject+BRLocalizableUI.h */,
				C921E9DF1B8185E1001C04FA /* NSObject+BRLocalizableUI.m */,
				C95B2B721B7D596A0050ABBE /* PushNoAnimationSegue.h */,
				C95B2B731B7D596A0050ABBE /* PushNoAnimationSegue.m */,
				C95B2B741B7D596A0050ABBE /* ReplaceNoAnimationSegue.h */,
				C95B2B751B7D596A0050ABBE /* ReplaceNoAnimationSegue.m */,
				C95B2B761B7D596A0050ABBE /* UIBarButtonItem+BR.h */,
				C95B2B771B7D596A0050ABBE /* UIBarButtonItem+BR.m */,
				C95B2B781B7D596A0050ABBE /* UIButton+BR.h */,
				C95B2B791B7D596A0050ABBE /* UIButton+BR.m */,
				C95B2B7A1B7D596A0050ABBE /* UIFont+BR.h */,
				C95B2B7B1B7D596A0050ABBE /* UIFont+BR.m */,
				C95B2B7C1B7D596A0050ABBE /* UIImage+BR.h */,
				C95B2B7D1B7D596A0050ABBE /* UIImage+BR.m */,
				C95B2B7E1B7D596A0050ABBE /* UIImage+ImageEffects.h */,
				C95B2B7F1B7D596A0050ABBE /* UIImage+ImageEffects.m */,
				C95B2B801B7D596A0050ABBE /* UILabel+BR.h */,
				C95B2B811B7D596A0050ABBE /* UILabel+BR.m */,
				C95B2B821B7D596A0050ABBE /* UINavigationItem+BR.h */,
				C95B2B831B7D596A0050ABBE /* UINavigationItem+BR.m */,
				C95B2B841B7D596A0050ABBE /* UISegmentedControl+BR.h */,
				C95B2B851B7D596A0050ABBE /* UISegmentedControl+BR.m */,
				C95B2B861B7D596A0050ABBE /* UITextField+BR.h */,
				C95B2B871B7D596A0050ABBE /* UITextField+BR.m */,
				C95B2B881B7D596A0050ABBE /* UIView+BR.h */,
				C95B2B891B7D596A0050ABBE /* UIView+BR.m */,
			);
			name = UI;
			path = Code/UI;
			sourceTree = "<group>";
		};
		C95B2BBB1B7D62F90050ABBE /* WebRequest */ = {
			isa = PBXGroup;
			children = (
				C95B2BBC1B7D62F90050ABBE /* BRAppDelegate.h */,
				C95B2BBD1B7D62F90050ABBE /* BRAppDelegate.m */,
				C95B2BBE1B7D62F90050ABBE /* BRAuthenticatedWebServiceRequest.h */,
				C95B2BBF1B7D62F90050ABBE /* BRAuthenticatedWebServiceRequest.m */,
				C95B2BC01B7D62F90050ABBE /* BRLoginWebServiceRequest.h */,
				C95B2BC11B7D62F90050ABBE /* BRLoginWebServiceRequest.m */,
				C95B2BC21B7D62F90050ABBE /* BRPingWebServiceRequest.h */,
				C95B2BC31B7D62F90050ABBE /* BRPingWebServiceRequest.m */,
				C95B2BC41B7D62F90050ABBE /* BRProfileEditWebServiceRequest.h */,
				C95B2BC51B7D62F90050ABBE /* BRProfileEditWebServiceRequest.m */,
				C95B2BC61B7D62F90050ABBE /* BRProfileViewWebServiceRequest.h */,
				C95B2BC71B7D62F90050ABBE /* BRProfileViewWebServiceRequest.m */,
				C95B2BC81B7D62F90050ABBE /* BRReachability.h */,
				C95B2BC91B7D62F90050ABBE /* BRReachability.m */,
				C95B2BCA1B7D62F90050ABBE /* BRRegisterWebServiceRequest.h */,
				C95B2BCB1B7D62F90050ABBE /* BRRegisterWebServiceRequest.m */,
				C95B2BCC1B7D62F90050ABBE /* BRUserWebServiceRequest.h */,
				C95B2BCD1B7D62F90050ABBE /* BRUserWebServiceRequest.m */,
				C95B2BCE1B7D62F90050ABBE /* BRWebServiceRequest.h */,
				C95B2BCF1B7D62F90050ABBE /* BRWebServiceRequest.m */,
				C95B2BD01B7D62F90050ABBE /* BRWebServiceResponse.h */,
				C95B2BD11B7D62F90050ABBE /* BRWebServiceResponse.m */,
				C95B2BD21B7D62F90050ABBE /* ResetPasswordWebServiceRequest.h */,
				C95B2BD31B7D62F90050ABBE /* ResetPasswordWebServiceRequest.m */,
			);
			name = WebRequest;
			path = Code/WebRequest;
			sourceTree = "<group>";
		};
/* End PBXGroup section */

/* Begin PBXHeadersBuildPhase section */
		29E2E36A1A683B7D0048D0AB /* Headers */ = {
			isa = PBXHeadersBuildPhase;
			buildActionMask = 2147483647;
			files = (
				C95B2BE61B7D62F90050ABBE /* BRWebServiceRequest.h in Headers */,
				C95B2B421B7D58320050ABBE /* UI.h in Headers */,
				C95B2BA31B7D596A0050ABBE /* PushNoAnimationSegue.h in Headers */,
				C921E9E01B8185E1001C04FA /* NSObject+BRLocalizableUI.h in Headers */,
				C90510651B7C31C800031482 /* WebApiClient-AFNetworking.h in Headers */,
				C95B2B441B7D58320050ABBE /* Core.h in Headers */,
				C95B2BB11B7D596A0050ABBE /* UILabel+BR.h in Headers */,
				C95B2BAB1B7D596A0050ABBE /* UIFont+BR.h in Headers */,
				C95B2B0F1B7D58320050ABBE /* BRLogging.h in Headers */,
				C95B2BA11B7D596A0050ABBE /* BROptionsTray.h in Headers */,
				C90510671B7C31C800031482 /* WebApiClient-Core.h in Headers */,
				C95B2BE81B7D62F90050ABBE /* BRWebServiceResponse.h in Headers */,
				C95B2BB31B7D596A0050ABBE /* UINavigationItem+BR.h in Headers */,
				C95B2BE41B7D62F90050ABBE /* BRUserWebServiceRequest.h in Headers */,
				C95B2B9E1B7D596A0050ABBE /* BRFullScreenNotificationView.h in Headers */,
				C90510661B7C31C800031482 /* WebApiClient-RestKit.h in Headers */,
				29E2E3731A683B7D0048D0AB /* BlueRocketFuelCore.h in Headers */,
				C95B2BB71B7D596A0050ABBE /* UITextField+BR.h in Headers */,
				C95B2B531B7D58320050ABBE /* NSDictionary+BR.h in Headers */,
				C95B2BEA1B7D62F90050ABBE /* ResetPasswordWebServiceRequest.h in Headers */,
				C95B2B4E1B7D58320050ABBE /* BRUser.h in Headers */,
				C95B2B551B7D58320050ABBE /* NSString+BR.h in Headers */,
				C95B2B0E1B7D58320050ABBE /* Logging.h in Headers */,
				C95B2BA01B7D596A0050ABBE /* BRFullScreeNotificationViewDelegate.h in Headers */,
				C95B2BDA1B7D62F90050ABBE /* BRPingWebServiceRequest.h in Headers */,
				C95B2B4C1B7D58320050ABBE /* BRSimpleKeychainService.h in Headers */,
				C95B2BE01B7D62F90050ABBE /* BRReachability.h in Headers */,
				C95B2BD61B7D62F90050ABBE /* BRAuthenticatedWebServiceRequest.h in Headers */,
				C95B2BB51B7D596A0050ABBE /* UISegmentedControl+BR.h in Headers */,
				C905105D1B7C31C800031482 /* WebApiClient.h in Headers */,
				C95B2BA71B7D596A0050ABBE /* UIBarButtonItem+BR.h in Headers */,
				C90510631B7C31C800031482 /* AFNetworkingWebApiClient.h in Headers */,
				C95B2BE21B7D62F90050ABBE /* BRRegisterWebServiceRequest.h in Headers */,
				C95B2BD81B7D62F90050ABBE /* BRLoginWebServiceRequest.h in Headers */,
				C95B2B4B1B7D58320050ABBE /* BRLocalizable.h in Headers */,
				C95B2BD41B7D62F90050ABBE /* BRAppDelegate.h in Headers */,
				C95B2BA91B7D596A0050ABBE /* UIButton+BR.h in Headers */,
				C921E9DB1B814A07001C04FA /* WebApiClientActivitySupport.h in Headers */,
				C905105F1B7C31C800031482 /* WebApiClientSupport.h in Headers */,
				297967971A683CE900B7408B /* BRJSON.h in Headers */,
				C95B2BAF1B7D596A0050ABBE /* UIImage+ImageEffects.h in Headers */,
				C95B2BA51B7D596A0050ABBE /* ReplaceNoAnimationSegue.h in Headers */,
				C921E9DD1B814A07001C04FA /* WebApiClient-UI.h in Headers */,
				C95B2BDC1B7D62F90050ABBE /* BRProfileEditWebServiceRequest.h in Headers */,
				C95B2B471B7D58320050ABBE /* BRAppUser.h in Headers */,
				C90510621B7C31C800031482 /* WebApiRoute.h in Headers */,
				C95B2B491B7D58320050ABBE /* BRKeychainService.h in Headers */,
				C95B2B4F1B7D58320050ABBE /* NSBundle+BR.h in Headers */,
				C921E9D61B813B0B001C04FA /* WebApiResponse.h in Headers */,
				C90510581B7C31C800031482 /* RestKitWebApiDataMapper.h in Headers */,
				C95B2B511B7D58320050ABBE /* NSDate+BR.h in Headers */,
				C905105B1B7C31C800031482 /* NSDictionary+WebApiClient.h in Headers */,
				C90510561B7C31C800031482 /* BRFCRestKitDataMapping.h in Headers */,
				C90510611B7C31C800031482 /* WebApiDataMapper.h in Headers */,
				C95B2BB91B7D596A0050ABBE /* UIView+BR.h in Headers */,
				C95B2BAD1B7D596A0050ABBE /* UIImage+BR.h in Headers */,
				C95B2BDE1B7D62F90050ABBE /* BRProfileViewWebServiceRequest.h in Headers */,
				C95B2B451B7D58320050ABBE /* BRAppConfigEnvironmentProvider.h in Headers */,
				C95B2B431B7D58320050ABBE /* WebRequest.h in Headers */,
			);
			runOnlyForDeploymentPostprocessing = 0;
		};
/* End PBXHeadersBuildPhase section */

/* Begin PBXNativeTarget section */
		29E2E36C1A683B7D0048D0AB /* BlueRocketFuelCore */ = {
			isa = PBXNativeTarget;
			buildConfigurationList = 29E2E3831A683B7D0048D0AB /* Build configuration list for PBXNativeTarget "BlueRocketFuelCore" */;
			buildPhases = (
				54DCFB059DA0FBEEB9A18EF0 /* Check Pods Manifest.lock */,
				29E2E3681A683B7D0048D0AB /* Sources */,
				29E2E3691A683B7D0048D0AB /* Frameworks */,
				29E2E36A1A683B7D0048D0AB /* Headers */,
				29E2E36B1A683B7D0048D0AB /* Resources */,
				3A3352CD31F916207739CFA9 /* Copy Pods Resources */,
			);
			buildRules = (
			);
			dependencies = (
			);
			name = BlueRocketFuelCore;
			productName = BlueRocketFuelCore;
			productReference = 29E2E36D1A683B7D0048D0AB /* BlueRocketFuelCore.framework */;
			productType = "com.apple.product-type.framework";
		};
		29E2E3771A683B7D0048D0AB /* BlueRocketFuelCoreTests */ = {
			isa = PBXNativeTarget;
			buildConfigurationList = 29E2E3861A683B7D0048D0AB /* Build configuration list for PBXNativeTarget "BlueRocketFuelCoreTests" */;
			buildPhases = (
				29E2E3741A683B7D0048D0AB /* Sources */,
				29E2E3751A683B7D0048D0AB /* Frameworks */,
				29E2E3761A683B7D0048D0AB /* Resources */,
			);
			buildRules = (
			);
			dependencies = (
				29E2E37B1A683B7D0048D0AB /* PBXTargetDependency */,
			);
			name = BlueRocketFuelCoreTests;
			productName = BlueRocketFuelCoreTests;
			productReference = 29E2E3781A683B7D0048D0AB /* BlueRocketFuelCoreTests.xctest */;
			productType = "com.apple.product-type.bundle.unit-test";
		};
/* End PBXNativeTarget section */

/* Begin PBXProject section */
		29E2E3641A683B7D0048D0AB /* Project object */ = {
			isa = PBXProject;
			attributes = {
				LastUpgradeCheck = 0610;
				ORGANIZATIONNAME = "Blue Rocket";
				TargetAttributes = {
					29E2E36C1A683B7D0048D0AB = {
						CreatedOnToolsVersion = 6.1.1;
					};
					29E2E3771A683B7D0048D0AB = {
						CreatedOnToolsVersion = 6.1.1;
					};
				};
			};
			buildConfigurationList = 29E2E3671A683B7D0048D0AB /* Build configuration list for PBXProject "BlueRocketFuelCore" */;
			compatibilityVersion = "Xcode 3.2";
			developmentRegion = English;
			hasScannedForEncodings = 0;
			knownRegions = (
				en,
			);
			mainGroup = 29E2E3631A683B7D0048D0AB;
			productRefGroup = 29E2E36E1A683B7D0048D0AB /* Products */;
			projectDirPath = "";
			projectRoot = "";
			targets = (
				29E2E36C1A683B7D0048D0AB /* BlueRocketFuelCore */,
				29E2E3771A683B7D0048D0AB /* BlueRocketFuelCoreTests */,
			);
		};
/* End PBXProject section */

/* Begin PBXResourcesBuildPhase section */
		29E2E36B1A683B7D0048D0AB /* Resources */ = {
			isa = PBXResourcesBuildPhase;
			buildActionMask = 2147483647;
			files = (
			);
			runOnlyForDeploymentPostprocessing = 0;
		};
		29E2E3761A683B7D0048D0AB /* Resources */ = {
			isa = PBXResourcesBuildPhase;
			buildActionMask = 2147483647;
			files = (
			);
			runOnlyForDeploymentPostprocessing = 0;
		};
/* End PBXResourcesBuildPhase section */

/* Begin PBXShellScriptBuildPhase section */
		3A3352CD31F916207739CFA9 /* Copy Pods Resources */ = {
			isa = PBXShellScriptBuildPhase;
			buildActionMask = 2147483647;
			files = (
			);
			inputPaths = (
			);
			name = "Copy Pods Resources";
			outputPaths = (
			);
			runOnlyForDeploymentPostprocessing = 0;
			shellPath = /bin/sh;
			shellScript = "\"${SRCROOT}/Pods/Target Support Files/Pods-BlueRocketFuelCore/Pods-BlueRocketFuelCore-resources.sh\"\n";
			showEnvVarsInLog = 0;
		};
		54DCFB059DA0FBEEB9A18EF0 /* Check Pods Manifest.lock */ = {
			isa = PBXShellScriptBuildPhase;
			buildActionMask = 2147483647;
			files = (
			);
			inputPaths = (
			);
			name = "Check Pods Manifest.lock";
			outputPaths = (
			);
			runOnlyForDeploymentPostprocessing = 0;
			shellPath = /bin/sh;
			shellScript = "diff \"${PODS_ROOT}/../Podfile.lock\" \"${PODS_ROOT}/Manifest.lock\" > /dev/null\nif [[ $? != 0 ]] ; then\n    cat << EOM\nerror: The sandbox is not in sync with the Podfile.lock. Run 'pod install' or update your CocoaPods installation.\nEOM\n    exit 1\nfi\n";
			showEnvVarsInLog = 0;
		};
/* End PBXShellScriptBuildPhase section */

/* Begin PBXSourcesBuildPhase section */
		29E2E3681A683B7D0048D0AB /* Sources */ = {
			isa = PBXSourcesBuildPhase;
			buildActionMask = 2147483647;
			files = (
				C90510591B7C31C800031482 /* RestKitWebApiDataMapper.m in Sources */,
				C95B2B521B7D58320050ABBE /* NSDate+BR.m in Sources */,
				C95B2BB41B7D596A0050ABBE /* UINavigationItem+BR.m in Sources */,
				C95B2BAE1B7D596A0050ABBE /* UIImage+BR.m in Sources */,
				C95B2BD91B7D62F90050ABBE /* BRLoginWebServiceRequest.m in Sources */,
				C90510601B7C31C800031482 /* WebApiClientSupport.m in Sources */,
				C921E9E11B8185E1001C04FA /* NSObject+BRLocalizableUI.m in Sources */,
				C95B2BDB1B7D62F90050ABBE /* BRPingWebServiceRequest.m in Sources */,
				C95B2B101B7D58320050ABBE /* BRLogging.m in Sources */,
				C921E9DC1B814A07001C04FA /* WebApiClientActivitySupport.m in Sources */,
				C95B2BE91B7D62F90050ABBE /* BRWebServiceResponse.m in Sources */,
				C95B2BA61B7D596A0050ABBE /* ReplaceNoAnimationSegue.m in Sources */,
				C95B2B4D1B7D58320050ABBE /* BRSimpleKeychainService.m in Sources */,
				C90510571B7C31C800031482 /* BRFCRestKitDataMapping.m in Sources */,
				C95B2BB21B7D596A0050ABBE /* UILabel+BR.m in Sources */,
				C95B2BE51B7D62F90050ABBE /* BRUserWebServiceRequest.m in Sources */,
				C95B2B9F1B7D596A0050ABBE /* BRFullScreenNotificationView.m in Sources */,
				C95B2BD51B7D62F90050ABBE /* BRAppDelegate.m in Sources */,
				C95B2BDF1B7D62F90050ABBE /* BRProfileViewWebServiceRequest.m in Sources */,
				C95B2BE31B7D62F90050ABBE /* BRRegisterWebServiceRequest.m in Sources */,
				C95B2BBA1B7D596A0050ABBE /* UIView+BR.m in Sources */,
				C95B2BDD1B7D62F90050ABBE /* BRProfileEditWebServiceRequest.m in Sources */,
				C95B2BAC1B7D596A0050ABBE /* UIFont+BR.m in Sources */,
				C95B2BB81B7D596A0050ABBE /* UITextField+BR.m in Sources */,
				C95775F91B7DBEE100D91C3D /* WebApiRotue.m in Sources */,
				C95B2BA81B7D596A0050ABBE /* UIBarButtonItem+BR.m in Sources */,
				297967981A683CE900B7408B /* BRJSON.m in Sources */,
				C95B2BB61B7D596A0050ABBE /* UISegmentedControl+BR.m in Sources */,
				C905105C1B7C31C800031482 /* NSDictionary+WebApiClient.m in Sources */,
				C95B2BEB1B7D62F90050ABBE /* ResetPasswordWebServiceRequest.m in Sources */,
				C95B2B541B7D58320050ABBE /* NSDictionary+BR.m in Sources */,
				C95B2BB01B7D596A0050ABBE /* UIImage+ImageEffects.m in Sources */,
				C95B2B561B7D58320050ABBE /* NSString+BR.m in Sources */,
				C90510641B7C31C800031482 /* AFNetworkingWebApiClient.m in Sources */,
				C95B2B501B7D58320050ABBE /* NSBundle+BR.m in Sources */,
				C95B2BE11B7D62F90050ABBE /* BRReachability.m in Sources */,
				C95B2B481B7D58320050ABBE /* BRAppUser.m in Sources */,
				C95B2BA21B7D596A0050ABBE /* BROptionsTray.m in Sources */,
				C905105E1B7C31C800031482 /* WebApiClient.m in Sources */,
				C95B2B461B7D58320050ABBE /* BRAppConfigEnvironmentProvider.m in Sources */,
				C95B2BD71B7D62F90050ABBE /* BRAuthenticatedWebServiceRequest.m in Sources */,
				C95B2BE71B7D62F90050ABBE /* BRWebServiceRequest.m in Sources */,
				C95B2BAA1B7D596A0050ABBE /* UIButton+BR.m in Sources */,
				C95B2BA41B7D596A0050ABBE /* PushNoAnimationSegue.m in Sources */,
				C95B2B4A1B7D58320050ABBE /* BRKeychainService.m in Sources */,
			);
			runOnlyForDeploymentPostprocessing = 0;
		};
		29E2E3741A683B7D0048D0AB /* Sources */ = {
			isa = PBXSourcesBuildPhase;
			buildActionMask = 2147483647;
			files = (
				29E2E3801A683B7D0048D0AB /* BlueRocketFuelCoreTests.m in Sources */,
			);
			runOnlyForDeploymentPostprocessing = 0;
		};
/* End PBXSourcesBuildPhase section */

/* Begin PBXTargetDependency section */
		29E2E37B1A683B7D0048D0AB /* PBXTargetDependency */ = {
			isa = PBXTargetDependency;
			target = 29E2E36C1A683B7D0048D0AB /* BlueRocketFuelCore */;
			targetProxy = 29E2E37A1A683B7D0048D0AB /* PBXContainerItemProxy */;
		};
/* End PBXTargetDependency section */

/* Begin XCBuildConfiguration section */
		29E2E3811A683B7D0048D0AB /* Debug */ = {
			isa = XCBuildConfiguration;
			buildSettings = {
				ALWAYS_SEARCH_USER_PATHS = NO;
				CLANG_CXX_LANGUAGE_STANDARD = "gnu++0x";
				CLANG_CXX_LIBRARY = "libc++";
				CLANG_ENABLE_MODULES = YES;
				CLANG_ENABLE_OBJC_ARC = YES;
				CLANG_WARN_BOOL_CONVERSION = YES;
				CLANG_WARN_CONSTANT_CONVERSION = YES;
				CLANG_WARN_DIRECT_OBJC_ISA_USAGE = YES_ERROR;
				CLANG_WARN_EMPTY_BODY = YES;
				CLANG_WARN_ENUM_CONVERSION = YES;
				CLANG_WARN_INT_CONVERSION = YES;
				CLANG_WARN_OBJC_ROOT_CLASS = YES_ERROR;
				CLANG_WARN_UNREACHABLE_CODE = YES;
				CLANG_WARN__DUPLICATE_METHOD_MATCH = YES;
				"CODE_SIGN_IDENTITY[sdk=iphoneos*]" = "iPhone Developer";
				COPY_PHASE_STRIP = NO;
				CURRENT_PROJECT_VERSION = 1;
				ENABLE_STRICT_OBJC_MSGSEND = YES;
				GCC_C_LANGUAGE_STANDARD = gnu99;
				GCC_DYNAMIC_NO_PIC = NO;
				GCC_OPTIMIZATION_LEVEL = 0;
				GCC_PREPROCESSOR_DEFINITIONS = (
					"DEBUG=1",
					"$(inherited)",
				);
				GCC_SYMBOLS_PRIVATE_EXTERN = NO;
				GCC_WARN_64_TO_32_BIT_CONVERSION = YES;
				GCC_WARN_ABOUT_RETURN_TYPE = YES_ERROR;
				GCC_WARN_UNDECLARED_SELECTOR = YES;
				GCC_WARN_UNINITIALIZED_AUTOS = YES_AGGRESSIVE;
				GCC_WARN_UNUSED_FUNCTION = YES;
				GCC_WARN_UNUSED_VARIABLE = YES;
				IPHONEOS_DEPLOYMENT_TARGET = 8.1;
				MTL_ENABLE_DEBUG_INFO = YES;
				ONLY_ACTIVE_ARCH = YES;
				SDKROOT = iphoneos;
				TARGETED_DEVICE_FAMILY = "1,2";
				VERSIONING_SYSTEM = "apple-generic";
				VERSION_INFO_PREFIX = "";
			};
			name = Debug;
		};
		29E2E3821A683B7D0048D0AB /* Release */ = {
			isa = XCBuildConfiguration;
			buildSettings = {
				ALWAYS_SEARCH_USER_PATHS = NO;
				CLANG_CXX_LANGUAGE_STANDARD = "gnu++0x";
				CLANG_CXX_LIBRARY = "libc++";
				CLANG_ENABLE_MODULES = YES;
				CLANG_ENABLE_OBJC_ARC = YES;
				CLANG_WARN_BOOL_CONVERSION = YES;
				CLANG_WARN_CONSTANT_CONVERSION = YES;
				CLANG_WARN_DIRECT_OBJC_ISA_USAGE = YES_ERROR;
				CLANG_WARN_EMPTY_BODY = YES;
				CLANG_WARN_ENUM_CONVERSION = YES;
				CLANG_WARN_INT_CONVERSION = YES;
				CLANG_WARN_OBJC_ROOT_CLASS = YES_ERROR;
				CLANG_WARN_UNREACHABLE_CODE = YES;
				CLANG_WARN__DUPLICATE_METHOD_MATCH = YES;
				"CODE_SIGN_IDENTITY[sdk=iphoneos*]" = "iPhone Developer";
				COPY_PHASE_STRIP = YES;
				CURRENT_PROJECT_VERSION = 1;
				ENABLE_NS_ASSERTIONS = NO;
				ENABLE_STRICT_OBJC_MSGSEND = YES;
				GCC_C_LANGUAGE_STANDARD = gnu99;
				GCC_WARN_64_TO_32_BIT_CONVERSION = YES;
				GCC_WARN_ABOUT_RETURN_TYPE = YES_ERROR;
				GCC_WARN_UNDECLARED_SELECTOR = YES;
				GCC_WARN_UNINITIALIZED_AUTOS = YES_AGGRESSIVE;
				GCC_WARN_UNUSED_FUNCTION = YES;
				GCC_WARN_UNUSED_VARIABLE = YES;
				IPHONEOS_DEPLOYMENT_TARGET = 8.1;
				MTL_ENABLE_DEBUG_INFO = NO;
				SDKROOT = iphoneos;
				TARGETED_DEVICE_FAMILY = "1,2";
				VALIDATE_PRODUCT = YES;
				VERSIONING_SYSTEM = "apple-generic";
				VERSION_INFO_PREFIX = "";
			};
			name = Release;
		};
		29E2E3841A683B7D0048D0AB /* Debug */ = {
			isa = XCBuildConfiguration;
			baseConfigurationReference = A268984B69E64005A00ED955 /* Pods-BlueRocketFuelCore.debug.xcconfig */;
			buildSettings = {
				DEFINES_MODULE = YES;
				DYLIB_COMPATIBILITY_VERSION = 1;
				DYLIB_CURRENT_VERSION = 1;
				DYLIB_INSTALL_NAME_BASE = "@rpath";
				INFOPLIST_FILE = BlueRocketFuelCore/Info.plist;
				INSTALL_PATH = "$(LOCAL_LIBRARY_DIR)/Frameworks";
				LD_RUNPATH_SEARCH_PATHS = "$(inherited) @executable_path/Frameworks @loader_path/Frameworks";
				PRODUCT_NAME = "$(TARGET_NAME)";
				SKIP_INSTALL = YES;
			};
			name = Debug;
		};
		29E2E3851A683B7D0048D0AB /* Release */ = {
			isa = XCBuildConfiguration;
			baseConfigurationReference = 102009BDEA71639BF2E84CA4 /* Pods-BlueRocketFuelCore.release.xcconfig */;
			buildSettings = {
				DEFINES_MODULE = YES;
				DYLIB_COMPATIBILITY_VERSION = 1;
				DYLIB_CURRENT_VERSION = 1;
				DYLIB_INSTALL_NAME_BASE = "@rpath";
				INFOPLIST_FILE = BlueRocketFuelCore/Info.plist;
				INSTALL_PATH = "$(LOCAL_LIBRARY_DIR)/Frameworks";
				LD_RUNPATH_SEARCH_PATHS = "$(inherited) @executable_path/Frameworks @loader_path/Frameworks";
				PRODUCT_NAME = "$(TARGET_NAME)";
				SKIP_INSTALL = YES;
			};
			name = Release;
		};
		29E2E3871A683B7D0048D0AB /* Debug */ = {
			isa = XCBuildConfiguration;
			buildSettings = {
				FRAMEWORK_SEARCH_PATHS = (
					"$(SDKROOT)/Developer/Library/Frameworks",
					"$(inherited)",
				);
				GCC_PREPROCESSOR_DEFINITIONS = (
					"DEBUG=1",
					"$(inherited)",
				);
				INFOPLIST_FILE = BlueRocketFuelCoreTests/Info.plist;
				LD_RUNPATH_SEARCH_PATHS = "$(inherited) @executable_path/Frameworks @loader_path/Frameworks";
				PRODUCT_NAME = "$(TARGET_NAME)";
			};
			name = Debug;
		};
		29E2E3881A683B7D0048D0AB /* Release */ = {
			isa = XCBuildConfiguration;
			buildSettings = {
				FRAMEWORK_SEARCH_PATHS = (
					"$(SDKROOT)/Developer/Library/Frameworks",
					"$(inherited)",
				);
				INFOPLIST_FILE = BlueRocketFuelCoreTests/Info.plist;
				LD_RUNPATH_SEARCH_PATHS = "$(inherited) @executable_path/Frameworks @loader_path/Frameworks";
				PRODUCT_NAME = "$(TARGET_NAME)";
			};
			name = Release;
		};
/* End XCBuildConfiguration section */

/* Begin XCConfigurationList section */
		29E2E3671A683B7D0048D0AB /* Build configuration list for PBXProject "BlueRocketFuelCore" */ = {
			isa = XCConfigurationList;
			buildConfigurations = (
				29E2E3811A683B7D0048D0AB /* Debug */,
				29E2E3821A683B7D0048D0AB /* Release */,
			);
			defaultConfigurationIsVisible = 0;
			defaultConfigurationName = Release;
		};
		29E2E3831A683B7D0048D0AB /* Build configuration list for PBXNativeTarget "BlueRocketFuelCore" */ = {
			isa = XCConfigurationList;
			buildConfigurations = (
				29E2E3841A683B7D0048D0AB /* Debug */,
				29E2E3851A683B7D0048D0AB /* Release */,
			);
			defaultConfigurationIsVisible = 0;
			defaultConfigurationName = Release;
		};
		29E2E3861A683B7D0048D0AB /* Build configuration list for PBXNativeTarget "BlueRocketFuelCoreTests" */ = {
			isa = XCConfigurationList;
			buildConfigurations = (
				29E2E3871A683B7D0048D0AB /* Debug */,
				29E2E3881A683B7D0048D0AB /* Release */,
			);
			defaultConfigurationIsVisible = 0;
			defaultConfigurationName = Release;
		};
/* End XCConfigurationList section */
	};
	rootObject = 29E2E3641A683B7D0048D0AB /* Project object */;
}
