PODS:
  - AFNetworking/NSURLSession (2.6.0):
    - AFNetworking/Reachability
    - AFNetworking/Security
    - AFNetworking/Serialization
  - AFNetworking/Reachability (2.6.0)
  - AFNetworking/Security (2.6.0)
  - AFNetworking/Serialization (2.6.0)
  - BRCocoaLumberjack (2.0.1):
    - CocoaLumberjack (~> 2.0)
  - BREnvironment (1.2.0)
  - BRLocalize (0.9.1):
    - BRLocalize/All (= 0.9.1)
  - BRLocalize/All (0.9.1):
    - BRLocalize/Core
    - BRLocalize/UI
  - BRLocalize/Core (0.9.1)
  - BRLocalize/UI (0.9.1):
    - BRLocalize/Core
  - CocoaAsyncSocket (7.4.2)
  - CocoaHTTPServer (2.3):
    - CocoaAsyncSocket
    - CocoaLumberjack
  - CocoaLumberjack (2.0.1):
    - CocoaLumberjack/Default (= 2.0.1)
    - CocoaLumberjack/Extensions (= 2.0.1)
  - CocoaLumberjack/Core (2.0.1)
  - CocoaLumberjack/Default (2.0.1):
    - CocoaLumberjack/Core
  - CocoaLumberjack/Extensions (2.0.1):
    - CocoaLumberjack/Default
  - ISO8601DateFormatterValueTransformer (0.6.1):
    - RKValueTransformers (~> 1.1.0)
  - MAObjCRuntime (0.0.1)
  - OCHamcrest (4.2.0)
  - OCMock (3.1.5)
  - PINCache (2.0)
  - RestKit/ObjectMapping (0.25.0):
    - ISO8601DateFormatterValueTransformer (~> 0.6.1)
    - RestKit/Support
    - RKValueTransformers (~> 1.1.0)
  - RestKit/Support (0.25.0):
    - TransitionKit (~> 2.1.0)
  - RKValueTransformers (1.1.2)
  - RoutingHTTPServer (1.0.0):
    - CocoaHTTPServer (~> 2.3)
  - SOCKit (1.1)
  - TransformerKit/Core (0.5.4)
  - TransformerKit/String (0.5.4):
    - TransformerKit/Core
  - TransitionKit (2.1.1)
  - WebApiClient (0.9.0):
    - WebApiClient/All (= 0.9.0)
  - WebApiClient/AFNetworking (0.9.0):
    - AFNetworking/NSURLSession (~> 2.5)
    - WebApiClient/Core
  - WebApiClient/All (0.9.0):
    - WebApiClient/AFNetworking
    - WebApiClient/Cache
    - WebApiClient/Core
    - WebApiClient/RestKit
  - WebApiClient/Cache (0.9.0):
    - PINCache (~> 2.0)
    - WebApiClient/Core
  - WebApiClient/Core (0.9.0):
    - BRCocoaLumberjack (~> 2.0)
    - BREnvironment (~> 1.1)
    - BRLocalize/Core
    - MAObjCRuntime (~> 0.0.1)
    - SOCKit (~> 1.1)
  - WebApiClient/RestKit (0.9.0):
    - RestKit/ObjectMapping (~> 0.24)
    - TransformerKit/String (~> 0.5)
    - WebApiClient/Core

DEPENDENCIES:
  - BRCocoaLumberjack (~> 2.0)
  - BREnvironment (~> 1.2)
  - BRLocalize (~> 0.9)
  - CocoaHTTPServer (~> 2.3)
  - OCHamcrest (~> 4.1)
  - OCMock (~> 3.1)
  - RoutingHTTPServer (~> 1.0)
  - WebApiClient (~> 0.9)

SPEC CHECKSUMS:
  AFNetworking: 79f7eb1a0fcfa7beb409332b2ca49afe9ce53b05
  BRCocoaLumberjack: 529d9525681ea2514d3d607011267848bc337bbe
  BREnvironment: 021cc4ef4d2dfbe9b90e42265cadd3c5f942eb2b
  BRLocalize: ae240c67587ff408a377b486d2c3a8de1f48aebd
  CocoaAsyncSocket: f5783bdedd232d91b89769bc4b5a1580aed518ad
  CocoaHTTPServer: 5624681fc3473d43b18202f635f9b3abb013b530
  CocoaLumberjack: 019d1361244274a6138c788c6cb80baabc13fb8f
  ISO8601DateFormatterValueTransformer: 52da467d6ec899d6aedda8e48280ac92e8ee97e6
  MAObjCRuntime: a6a1d95acbfa3784d66cb35bd42904e47943b488
  OCHamcrest: c14c0b3f4c4e99363e5b87d97bae38c4438b6d5d
  OCMock: 4c2925291f80407c3738dd1db14d21d0cc278864
  PINCache: ca953ba93ce1edde056fdd99121ee65b295a08c9
  RestKit: a4fcaf3d4bb2c204679856a46d596160bf208095
  RKValueTransformers: 66ac5e4f077fdbe3496e792d89eeff4c3eb67701
  RoutingHTTPServer: fab8b13e725f26720500c146d43c98c11ebc4d47
  SOCKit: c7376ac262bea9115b8f749358f762522a47d392
  TransformerKit: 0a235de1030a23d47c86706c0316b4a0c7105d73
  TransitionKit: 3a14b6acc7cf2d1dd3e454e24dbad1cfab9a1ef1
  WebApiClient: a65b433aa963f251126fcd1a151d698ac174ab3f

COCOAPODS: 0.38.2
